PODS:
  - GoogleMaps (7.1.0):
    - GoogleMaps/Maps (= 7.1.0)
  - GoogleMaps/Base (7.1.0)
  - GoogleMaps/Maps (7.1.0):
    - GoogleMaps/Base

DEPENDENCIES:
  - GoogleMaps (= 7.1.0)

SPEC REPOS:
  trunk:
    - GoogleMaps

SPEC CHECKSUMS:
  GoogleMaps: bc56ffb0324e345a2d91bac1a64a920f9c8f1b20

PODFILE CHECKSUM: f77ca14c313571b8259d9f7293ea3e3134d1ec7f

COCOAPODS: 1.11.3
